
Microsoft Visual Studio Solution File, Format Version 12.00
# Visual Studio 14
VisualStudioVersion = 14.0.25123.0
MinimumVisualStudioVersion = 10.0.40219.1
Project("{FAE04EC0-301F-11D3-BF4B-00C04F79EFBC}") = "MovieSearch", "MovieSearch\MovieSearch.csproj", "{8524E403-F63A-4F95-8032-6D402C3D79F8}"
EndProject
Project("{FAE04EC0-301F-11D3-BF4B-00C04F79EFBC}") = "MovieSearch.Tests", "MovieSearch.Tests\MovieSearch.Tests.csproj", "{F648DE46-8D23-4318-A431-6BE034D19A49}"
EndProject
Global
	GlobalSection(SolutionConfigurationPlatforms) = preSolution
		Debug|Any CPU = Debug|Any CPU
		Release|Any CPU = Release|Any CPU
	EndGlobalSection
	GlobalSection(ProjectConfigurationPlatforms) = postSolution
		{8524E403-F63A-4F95-8032-6D402C3D79F8}.Debug|Any CPU.ActiveCfg = Debug|Any CPU
		{8524E403-F63A-4F95-8032-6D402C3D79F8}.Debug|Any CPU.Build.0 = Debug|Any CPU
		{8524E403-F63A-4F95-8032-6D402C3D79F8}.Release|Any CPU.ActiveCfg = Release|Any CPU
		{8524E403-F63A-4F95-8032-6D402C3D79F8}.Release|Any CPU.Build.0 = Release|Any CPU
		{F648DE46-8D23-4318-A431-6BE034D19A49}.Debug|Any CPU.ActiveCfg = Debug|Any CPU
		{F648DE46-8D23-4318-A431-6BE034D19A49}.Debug|Any CPU.Build.0 = Debug|Any CPU
		{F648DE46-8D23-4318-A431-6BE034D19A49}.Release|Any CPU.ActiveCfg = Release|Any CPU
		{F648DE46-8D23-4318-A431-6BE034D19A49}.Release|Any CPU.Build.0 = Release|Any CPU
	EndGlobalSection
	GlobalSection(SolutionProperties) = preSolution
		HideSolutionNode = FALSE
	EndGlobalSection
EndGlobal
